
Microsoft Visual Studio Solution File, Format Version 12.00
# Visual Studio Version 16
VisualStudioVersion = 16.0.30804.86
MinimumVisualStudioVersion = 10.0.40219.1
Project("{FAE04EC0-301F-11D3-BF4B-00C04F79EFBC}") = "WebApiVentas", "WebApiVentas\WebApiVentas.csproj", "{546E1744-2BA2-427B-9605-BC8931DD7F73}"
EndProject
Global
	GlobalSection(SolutionConfigurationPlatforms) = preSolution
		Debug|Any CPU = Debug|Any CPU
		Release|Any CPU = Release|Any CPU
	EndGlobalSection
	GlobalSection(ProjectConfigurationPlatforms) = postSolution
		{546E1744-2BA2-427B-9605-BC8931DD7F73}.Debug|Any CPU.ActiveCfg = Debug|Any CPU
		{546E1744-2BA2-427B-9605-BC8931DD7F73}.Debug|Any CPU.Build.0 = Debug|Any CPU
		{546E1744-2BA2-427B-9605-BC8931DD7F73}.Release|Any CPU.ActiveCfg = Release|Any CPU
		{546E1744-2BA2-427B-9605-BC8931DD7F73}.Release|Any CPU.Build.0 = Release|Any CPU
	EndGlobalSection
	GlobalSection(SolutionProperties) = preSolution
		HideSolutionNode = FALSE
	EndGlobalSection
	GlobalSection(ExtensibilityGlobals) = postSolution
		SolutionGuid = {61B7B1A4-5896-410C-B664-A921D613E082}
	EndGlobalSection
EndGlobal
